
Microsoft Visual Studio Solution File, Format Version 11.00
# Visual Studio 2010
Project("{8BC9CEB8-8B4A-11D0-8D11-00A0C91BC942}") = "Menu spiski+rab", "Menu spiski+rab\Menu spiski+rab.vcxproj", "{C7DF43A7-73A0-441B-A24C-56A1FEEA9CC7}"
EndProject
Global
	GlobalSection(SolutionConfigurationPlatforms) = preSolution
		Debug|Win32 = Debug|Win32
		Release|Win32 = Release|Win32
	EndGlobalSection
	GlobalSection(ProjectConfigurationPlatforms) = postSolution
		{C7DF43A7-73A0-441B-A24C-56A1FEEA9CC7}.Debug|Win32.ActiveCfg = Debug|Win32
		{C7DF43A7-73A0-441B-A24C-56A1FEEA9CC7}.Debug|Win32.Build.0 = Debug|Win32
		{C7DF43A7-73A0-441B-A24C-56A1FEEA9CC7}.Release|Win32.ActiveCfg = Release|Win32
		{C7DF43A7-73A0-441B-A24C-56A1FEEA9CC7}.Release|Win32.Build.0 = Release|Win32
	EndGlobalSection
	GlobalSection(SolutionProperties) = preSolution
		HideSolutionNode = FALSE
	EndGlobalSection
EndGlobal
