
Microsoft Visual Studio Solution File, Format Version 11.00
# Visual Studio 2010
Project("{8BC9CEB8-8B4A-11D0-8D11-00A0C91BC942}") = "spiski", "spiski\spiski.vcxproj", "{99604C02-1DC5-42B9-A338-0549AB956F06}"
EndProject
Global
	GlobalSection(SolutionConfigurationPlatforms) = preSolution
		Debug|Win32 = Debug|Win32
		Release|Win32 = Release|Win32
	EndGlobalSection
	GlobalSection(ProjectConfigurationPlatforms) = postSolution
		{99604C02-1DC5-42B9-A338-0549AB956F06}.Debug|Win32.ActiveCfg = Debug|Win32
		{99604C02-1DC5-42B9-A338-0549AB956F06}.Debug|Win32.Build.0 = Debug|Win32
		{99604C02-1DC5-42B9-A338-0549AB956F06}.Release|Win32.ActiveCfg = Release|Win32
		{99604C02-1DC5-42B9-A338-0549AB956F06}.Release|Win32.Build.0 = Release|Win32
	EndGlobalSection
	GlobalSection(SolutionProperties) = preSolution
		HideSolutionNode = FALSE
	EndGlobalSection
EndGlobal
